PODS:
  - Capacitor (5.5.0):
    - CapacitorCordova
  - CapacitorApp (5.0.6):
    - Capacitor
  - CapacitorBlobWriter (0.0.1):
    - Capacitor
    - GCDWebServer (~> 3.0)
  - CapacitorCamera (5.0.7):
    - Capacitor
  - CapacitorClipboard (5.0.6):
    - Capacitor
  - CapacitorCommunityBarcodeScanner (4.0.1):
    - Capacitor
  - CapacitorCommunityHttp (1.4.1):
    - Capacitor
  - CapacitorCordova (5.5.0)
  - CapacitorDevice (5.0.6):
    - Capacitor
  - CapacitorFilesystem (5.1.4):
    - Capacitor
  - CapacitorGeolocation (5.0.6):
    - Capacitor
  - CapacitorHaptics (5.0.6):
    - Capacitor
  - CapacitorKeyboard (5.0.6):
    - Capacitor
  - CapacitorLocalNotifications (5.0.6):
    - Capacitor
  - CapacitorPreferences (5.0.6):
    - Capacitor
  - CapacitorSplashScreen (5.0.6):
    - Capacitor
  - CapacitorStatusBar (5.0.6):
    - Capacitor
  - CapacitorTextZoom (5.0.6):
    - Capacitor
  - CapawesomeCapacitorFilePicker (5.3.0):
    - Capacitor
  - CordovaPlugins (5.5.0):
    - CapacitorCordova
  - CordovaPluginsResources (0.0.105)
  - GCDWebServer (3.5.4):
    - GCDWebServer/Core (= 3.5.4)
  - GCDWebServer/Core (3.5.4)
  - HiloenergieCapacitorPluginSafeArea (0.0.8):
    - Capacitor
  - RobingenzCapacitorAppUpdate (1.3.1):
    - Capacitor

DEPENDENCIES:
  - "Capacitor (from `../../node_modules/@capacitor/ios`)"
  - "CapacitorApp (from `../../node_modules/@capacitor/app`)"
  - CapacitorBlobWriter (from `../../node_modules/capacitor-blob-writer`)
  - "CapacitorCamera (from `../../node_modules/@capacitor/camera`)"
  - "CapacitorClipboard (from `../../node_modules/@capacitor/clipboard`)"
  - "CapacitorCommunityBarcodeScanner (from `../../node_modules/@capacitor-community/barcode-scanner`)"
  - "CapacitorCommunityHttp (from `../../node_modules/@capacitor-community/http`)"
  - "CapacitorCordova (from `../../node_modules/@capacitor/ios`)"
  - "CapacitorDevice (from `../../node_modules/@capacitor/device`)"
  - "CapacitorFilesystem (from `../../node_modules/@capacitor/filesystem`)"
  - "CapacitorGeolocation (from `../../node_modules/@capacitor/geolocation`)"
  - "CapacitorHaptics (from `../../node_modules/@capacitor/haptics`)"
  - "CapacitorKeyboard (from `../../node_modules/@capacitor/keyboard`)"
  - "CapacitorLocalNotifications (from `../../node_modules/@capacitor/local-notifications`)"
  - "CapacitorPreferences (from `../../node_modules/@capacitor/preferences`)"
  - "CapacitorSplashScreen (from `../../node_modules/@capacitor/splash-screen`)"
  - "CapacitorStatusBar (from `../../node_modules/@capacitor/status-bar`)"
  - "CapacitorTextZoom (from `../../node_modules/@capacitor/text-zoom`)"
  - "CapawesomeCapacitorFilePicker (from `../../node_modules/@capawesome/capacitor-file-picker`)"
  - CordovaPlugins (from `../capacitor-cordova-ios-plugins`)
  - CordovaPluginsResources (from `../capacitor-cordova-ios-plugins`)
  - "HiloenergieCapacitorPluginSafeArea (from `../../node_modules/@hiloenergie/capacitor-plugin-safe-area`)"
  - "RobingenzCapacitorAppUpdate (from `../../node_modules/@robingenz/capacitor-app-update`)"

SPEC REPOS:
  trunk:
    - GCDWebServer

EXTERNAL SOURCES:
  Capacitor:
    :path: "../../node_modules/@capacitor/ios"
  CapacitorApp:
    :path: "../../node_modules/@capacitor/app"
  CapacitorBlobWriter:
    :path: "../../node_modules/capacitor-blob-writer"
  CapacitorCamera:
    :path: "../../node_modules/@capacitor/camera"
  CapacitorClipboard:
    :path: "../../node_modules/@capacitor/clipboard"
  CapacitorCommunityBarcodeScanner:
    :path: "../../node_modules/@capacitor-community/barcode-scanner"
  CapacitorCommunityHttp:
    :path: "../../node_modules/@capacitor-community/http"
  CapacitorCordova:
    :path: "../../node_modules/@capacitor/ios"
  CapacitorDevice:
    :path: "../../node_modules/@capacitor/device"
  CapacitorFilesystem:
    :path: "../../node_modules/@capacitor/filesystem"
  CapacitorGeolocation:
    :path: "../../node_modules/@capacitor/geolocation"
  CapacitorHaptics:
    :path: "../../node_modules/@capacitor/haptics"
  CapacitorKeyboard:
    :path: "../../node_modules/@capacitor/keyboard"
  CapacitorLocalNotifications:
    :path: "../../node_modules/@capacitor/local-notifications"
  CapacitorPreferences:
    :path: "../../node_modules/@capacitor/preferences"
  CapacitorSplashScreen:
    :path: "../../node_modules/@capacitor/splash-screen"
  CapacitorStatusBar:
    :path: "../../node_modules/@capacitor/status-bar"
  CapacitorTextZoom:
    :path: "../../node_modules/@capacitor/text-zoom"
  CapawesomeCapacitorFilePicker:
    :path: "../../node_modules/@capawesome/capacitor-file-picker"
  CordovaPlugins:
    :path: "../capacitor-cordova-ios-plugins"
  CordovaPluginsResources:
    :path: "../capacitor-cordova-ios-plugins"
  HiloenergieCapacitorPluginSafeArea:
    :path: "../../node_modules/@hiloenergie/capacitor-plugin-safe-area"
  RobingenzCapacitorAppUpdate:
    :path: "../../node_modules/@robingenz/capacitor-app-update"

SPEC CHECKSUMS:
  Capacitor: 57890b363df14d5d2d5d8461aa23e886cb34da2a
  CapacitorApp: 024e1b1bea5f883d79f6330d309bc441c88ad04a
  CapacitorBlobWriter: 110eeaf80611f19bf01a8a05ff3672149ed0baad
  CapacitorCamera: 084b0b228bba7d00587910337b1c89e93b1d32ab
  CapacitorClipboard: 77edf49827ea21da2a9c05c690a4a6a4d07199c4
  CapacitorCommunityBarcodeScanner: 7feb206489c8555a8ca0c74c57ddf49ead774eb8
  CapacitorCommunityHttp: 7be90668527ef14ee10d08135b0e00fac9cf8247
  CapacitorCordova: 3d3908a3d208a11a75f9df3b18c4405c4de76e1d
  CapacitorDevice: 2c968f98a1ec4d22357418c1521e7ddc46c675e6
  CapacitorFilesystem: af704badfbc69f6f8623d9ed313e5490e3723dcb
  CapacitorGeolocation: 7be5f77abc205c0efe319fff8587a7183e7b0240
  CapacitorHaptics: 1fffc1217c7e64a472d7845be50fb0c2f7d4204c
  CapacitorKeyboard: b978154b024a5f65e044908e37d15b7de58b9d12
  CapacitorLocalNotifications: c2d8b14794064fd4814b1d6c4ddbac8029afa295
  CapacitorPreferences: f03954bcb0ff09c792909e46bff88e3183c16b10
  CapacitorSplashScreen: 5fa2ab5e46cf5cc530cf16a51c80c7a986579ccd
  CapacitorStatusBar: 565c0a1ebd79bb40d797606a8992b4a105885309
  CapacitorTextZoom: bd623313a291bc1f38cdc01bd94c39b2b48d794a
  CapawesomeCapacitorFilePicker: 41f486cb4a89c6a7c8a4f5d683dbf96658894182
  CordovaPlugins: e4eb5c360e2e1af04fcd43b2fcb9a7c75d0c7bf1
  CordovaPluginsResources: 0c211f770ed91763a179ebcd9b9346e120b70662
  GCDWebServer: 2c156a56c8226e2d5c0c3f208a3621ccffbe3ce4
  HiloenergieCapacitorPluginSafeArea: 61909095f2f57e2ac15b6f519841bac3527f9621
  RobingenzCapacitorAppUpdate: 70fc70cf92a11cd4cb055396590a6bea2b48e8c3

PODFILE CHECKSUM: f2c4220c7079b3dad2027aa938b7b0b135bc642f

COCOAPODS: 1.15.2
